
Microsoft Visual Studio Solution File, Format Version 12.00
# Visual Studio Version 17
VisualStudioVersion = 17.13.35818.85
MinimumVisualStudioVersion = 10.0.40219.1
Project("{FAE04EC0-301F-11D3-BF4B-00C04F79EFBC}") = "TicketsHub", "TicketsHub.csproj", "{13F56FEF-B9AF-4F70-83D7-08F50C61B08A}"
EndProject
Project("{FAE04EC0-301F-11D3-BF4B-00C04F79EFBC}") = "TicketsHub for Desktop", "..\TicketsHub for Desktop\TicketsHub for Desktop.csproj", "{C1EDF371-48B9-4C3C-84C6-67777B69164D}"
EndProject
Global
	GlobalSection(SolutionConfigurationPlatforms) = preSolution
		Debug|Any CPU = Debug|Any CPU
		Release|Any CPU = Release|Any CPU
	EndGlobalSection
	GlobalSection(ProjectConfigurationPlatforms) = postSolution
		{13F56FEF-B9AF-4F70-83D7-08F50C61B08A}.Debug|Any CPU.ActiveCfg = Debug|Any CPU
		{13F56FEF-B9AF-4F70-83D7-08F50C61B08A}.Debug|Any CPU.Build.0 = Debug|Any CPU
		{13F56FEF-B9AF-4F70-83D7-08F50C61B08A}.Release|Any CPU.ActiveCfg = Release|Any CPU
		{13F56FEF-B9AF-4F70-83D7-08F50C61B08A}.Release|Any CPU.Build.0 = Release|Any CPU
		{C1EDF371-48B9-4C3C-84C6-67777B69164D}.Debug|Any CPU.ActiveCfg = Debug|Any CPU
		{C1EDF371-48B9-4C3C-84C6-67777B69164D}.Debug|Any CPU.Build.0 = Debug|Any CPU
		{C1EDF371-48B9-4C3C-84C6-67777B69164D}.Release|Any CPU.ActiveCfg = Release|Any CPU
		{C1EDF371-48B9-4C3C-84C6-67777B69164D}.Release|Any CPU.Build.0 = Release|Any CPU
	EndGlobalSection
	GlobalSection(SolutionProperties) = preSolution
		HideSolutionNode = FALSE
	EndGlobalSection
	GlobalSection(ExtensibilityGlobals) = postSolution
		SolutionGuid = {91018424-E5A2-4DAC-A100-7C75DBB83B2F}
	EndGlobalSection
EndGlobal
